<?xml version="1.0" encoding="utf-8"?>
<Project ToolsVersion="4.0" xmlns="http://schemas.microsoft.com/developer/msbuild/2003">
  <ItemGroup>
    <ClCompile Include="Ready Touch example.ino" />
  </ItemGroup>
  <ItemGroup>
    <ClInclude Include="SansSerif_plain_10.h" />
    <ClInclude Include="SansSerif_plain_16.h" />
    <ClInclude Include="__vm\.Ready Touch example.vsarduino.h" />
    <ClInclude Include="images\wifi_signal_1.svg.gz.h">
      <Filter>images</Filter>
    </ClInclude>
    <ClInclude Include="images\wifi_signal_2.svg.gz.h">
      <Filter>images</Filter>
    </ClInclude>
    <ClInclude Include="images\wifi_signal_3.svg.gz.h">
      <Filter>images</Filter>
    </ClInclude>
    <ClInclude Include="images\wifi_signal_4.svg.gz.h">
      <Filter>images</Filter>
    </ClInclude>
    <ClInclude Include="images\wifi_signal_5.svg.gz.h">
      <Filter>images</Filter>
    </ClInclude>
    <ClInclude Include="html.h" />
  </ItemGroup>
  <ItemGroup>
    <Filter Include="images">
      <UniqueIdentifier>{bf8b43af-d8a7-4115-bfe0-e7cee051f7fe}</UniqueIdentifier>
    </Filter>
  </ItemGroup>
  <ItemGroup>
    <Image Include="images\PCB Top.png">
      <Filter>images</Filter>
    </Image>
    <Image Include="images\Top case.png">
      <Filter>images</Filter>
    </Image>
    <Image Include="images\Back connections.png">
      <Filter>images</Filter>
    </Image>
    <Image Include="images\Desk L bracket.png">
      <Filter>images</Filter>
    </Image>
    <Image Include="images\Wall mount.png">
      <Filter>images</Filter>
    </Image>
    <Image Include="images\Front USBpng">
      <Filter>images</Filter>
    </Image>
    <Image Include="images\Bottom-Notes.jpg">
      <Filter>images</Filter>
    </Image>
    <Image Include="images\PCB-Bottom.jpg">
      <Filter>images</Filter>
    </Image>
    <Image Include="images\Top.jpg">
      <Filter>images</Filter>
    </Image>
    <Image Include="images\Top-Notes.jpg">
      <Filter>images</Filter>
    </Image>
    <Image Include="images\Wallmount.jpg">
      <Filter>images</Filter>
    </Image>
    <Image Include="images\AppExample.png">
      <Filter>images</Filter>
    </Image>
    <Image Include="images\FirmwareWebPageMain640.png">
      <Filter>images</Filter>
    </Image>
    <Image Include="images\FirmwareWebPageScan640.png">
      <Filter>images</Filter>
    </Image>
  </ItemGroup>
  <ItemGroup>
    <None Include="html.html" />
    <None Include="README.md" />
  </ItemGroup>
</Project>